
Microsoft Visual Studio Solution File, Format Version 12.00
# Visual Studio Version 17
VisualStudioVersion = 17.7.34024.191
MinimumVisualStudioVersion = 10.0.40219.1
Project("{FAE04EC0-301F-11D3-BF4B-00C04F79EFBC}") = "Labb3-GymnasiumSchoolDB", "Labb3-GymnasiumSchoolDB.csproj", "{57915645-6B5F-40A4-AD2E-9C3106303B10}"
EndProject
Global
	GlobalSection(SolutionConfigurationPlatforms) = preSolution
		Debug|Any CPU = Debug|Any CPU
		Release|Any CPU = Release|Any CPU
	EndGlobalSection
	GlobalSection(ProjectConfigurationPlatforms) = postSolution
		{57915645-6B5F-40A4-AD2E-9C3106303B10}.Debug|Any CPU.ActiveCfg = Debug|Any CPU
		{57915645-6B5F-40A4-AD2E-9C3106303B10}.Debug|Any CPU.Build.0 = Debug|Any CPU
		{57915645-6B5F-40A4-AD2E-9C3106303B10}.Release|Any CPU.ActiveCfg = Release|Any CPU
		{57915645-6B5F-40A4-AD2E-9C3106303B10}.Release|Any CPU.Build.0 = Release|Any CPU
	EndGlobalSection
	GlobalSection(SolutionProperties) = preSolution
		HideSolutionNode = FALSE
	EndGlobalSection
	GlobalSection(ExtensibilityGlobals) = postSolution
		SolutionGuid = {CC2BF306-D8EB-4969-95E1-0DA937805158}
	EndGlobalSection
EndGlobal
